
Microsoft Visual Studio Solution File, Format Version 11.00
# Visual Studio 2010
Project("{FAE04EC0-301F-11D3-BF4B-00C04F79EFBC}") = "TowerCraft", "TowerCraft\TowerCraft\TowerCraft.csproj", "{02C47344-3FA1-4219-8517-F30161005ACE}"
EndProject
Project("{96E2B04D-8817-42C6-938A-82C39BA4D311}") = "TowerCraftContent", "TowerCraft\TowerCraftContent\TowerCraftContent.contentproj", "{A6688DC8-441F-4829-A88F-C9FADB9965B5}"
EndProject
Global
	GlobalSection(SolutionConfigurationPlatforms) = preSolution
		Debug|x86 = Debug|x86
		Release|x86 = Release|x86
	EndGlobalSection
	GlobalSection(ProjectConfigurationPlatforms) = postSolution
		{02C47344-3FA1-4219-8517-F30161005ACE}.Debug|x86.ActiveCfg = Debug|x86
		{02C47344-3FA1-4219-8517-F30161005ACE}.Debug|x86.Build.0 = Debug|x86
		{02C47344-3FA1-4219-8517-F30161005ACE}.Release|x86.ActiveCfg = Release|x86
		{02C47344-3FA1-4219-8517-F30161005ACE}.Release|x86.Build.0 = Release|x86
		{A6688DC8-441F-4829-A88F-C9FADB9965B5}.Debug|x86.ActiveCfg = Debug|x86
		{A6688DC8-441F-4829-A88F-C9FADB9965B5}.Release|x86.ActiveCfg = Release|x86
	EndGlobalSection
	GlobalSection(SolutionProperties) = preSolution
		HideSolutionNode = FALSE
	EndGlobalSection
EndGlobal
